
Microsoft Visual Studio Solution File, Format Version 12.00
# Visual Studio Version 17
VisualStudioVersion = 17.8.34330.188
MinimumVisualStudioVersion = 10.0.40219.1
Project("{FAE04EC0-301F-11D3-BF4B-00C04F79EFBC}") = "menu", "menu\menu.csproj", "{3D13DA2F-0E7E-446C-9CEE-8DB339367667}"
EndProject
Global
	GlobalSection(SolutionConfigurationPlatforms) = preSolution
		Debug|Any CPU = Debug|Any CPU
		Release|Any CPU = Release|Any CPU
	EndGlobalSection
	GlobalSection(ProjectConfigurationPlatforms) = postSolution
		{3D13DA2F-0E7E-446C-9CEE-8DB339367667}.Debug|Any CPU.ActiveCfg = Debug|Any CPU
		{3D13DA2F-0E7E-446C-9CEE-8DB339367667}.Debug|Any CPU.Build.0 = Debug|Any CPU
		{3D13DA2F-0E7E-446C-9CEE-8DB339367667}.Release|Any CPU.ActiveCfg = Release|Any CPU
		{3D13DA2F-0E7E-446C-9CEE-8DB339367667}.Release|Any CPU.Build.0 = Release|Any CPU
	EndGlobalSection
	GlobalSection(SolutionProperties) = preSolution
		HideSolutionNode = FALSE
	EndGlobalSection
	GlobalSection(ExtensibilityGlobals) = postSolution
		SolutionGuid = {C8852020-A3CE-4D1D-9BCC-B01F771AA42E}
	EndGlobalSection
EndGlobal
